
Microsoft Visual Studio Solution File, Format Version 12.00
# Visual Studio Version 17
VisualStudioVersion = 17.11.35222.181
MinimumVisualStudioVersion = 10.0.40219.1
Project("{FAE04EC0-301F-11D3-BF4B-00C04F79EFBC}") = "Lab 0 - Basics of C#", "Lab 0 - Basics of C#\Lab 0 - Basics of C#.csproj", "{D83AB92D-E9F3-4A8C-9B2F-B201EEDF5F78}"
EndProject
Global
	GlobalSection(SolutionConfigurationPlatforms) = preSolution
		Debug|Any CPU = Debug|Any CPU
		Release|Any CPU = Release|Any CPU
	EndGlobalSection
	GlobalSection(ProjectConfigurationPlatforms) = postSolution
		{D83AB92D-E9F3-4A8C-9B2F-B201EEDF5F78}.Debug|Any CPU.ActiveCfg = Debug|Any CPU
		{D83AB92D-E9F3-4A8C-9B2F-B201EEDF5F78}.Debug|Any CPU.Build.0 = Debug|Any CPU
		{D83AB92D-E9F3-4A8C-9B2F-B201EEDF5F78}.Release|Any CPU.ActiveCfg = Release|Any CPU
		{D83AB92D-E9F3-4A8C-9B2F-B201EEDF5F78}.Release|Any CPU.Build.0 = Release|Any CPU
	EndGlobalSection
	GlobalSection(SolutionProperties) = preSolution
		HideSolutionNode = FALSE
	EndGlobalSection
	GlobalSection(ExtensibilityGlobals) = postSolution
		SolutionGuid = {609A6C1A-1B96-4EC9-BAE2-42AF192EEEC8}
	EndGlobalSection
EndGlobal
